<Solution Description="Visual Studio slnx file generated by Premake" Version="1.4">
  <Configurations>
    <BuildType Name="Debug" />
    <BuildType Name="Release" />
    <Platform Name="Win32" />
  </Configurations>
  <Project Path="HelloABI.DynamicLib.vcxproj" Id="EFAF870A-5B11-6518-E47E-ABCA50DF9BD7">
  </Project>
  <Project Path="HelloABI.StaticLib.vcxproj" Id="52CCAB98-3EB0-6CEE-A710-674193135770">
  </Project>
</Solution>